
Microsoft Visual Studio Solution File, Format Version 11.00
# Visual Studio 2010
Project("{8BC9CEB8-8B4A-11D0-8D11-00A0C91BC942}") = "cgx", "cgx\cgx.vcxproj", "{A8FA51CB-3EC1-4F19-87CE-2A3224473658}"
EndProject
Project("{8BC9CEB8-8B4A-11D0-8D11-00A0C91BC942}") = "cgx-0.2", "cgx-0.2\cgx-0.2.vcxproj", "{3C5E63F0-A0E1-4EC6-AAF3-50FC7FB918E8}"
EndProject
Global
	GlobalSection(SolutionConfigurationPlatforms) = preSolution
		Debug|Win32 = Debug|Win32
		Release|Win32 = Release|Win32
	EndGlobalSection
	GlobalSection(ProjectConfigurationPlatforms) = postSolution
		{A8FA51CB-3EC1-4F19-87CE-2A3224473658}.Debug|Win32.ActiveCfg = Debug|Win32
		{A8FA51CB-3EC1-4F19-87CE-2A3224473658}.Debug|Win32.Build.0 = Debug|Win32
		{A8FA51CB-3EC1-4F19-87CE-2A3224473658}.Release|Win32.ActiveCfg = Release|Win32
		{A8FA51CB-3EC1-4F19-87CE-2A3224473658}.Release|Win32.Build.0 = Release|Win32
		{3C5E63F0-A0E1-4EC6-AAF3-50FC7FB918E8}.Debug|Win32.ActiveCfg = Debug|Win32
		{3C5E63F0-A0E1-4EC6-AAF3-50FC7FB918E8}.Debug|Win32.Build.0 = Debug|Win32
		{3C5E63F0-A0E1-4EC6-AAF3-50FC7FB918E8}.Release|Win32.ActiveCfg = Release|Win32
		{3C5E63F0-A0E1-4EC6-AAF3-50FC7FB918E8}.Release|Win32.Build.0 = Release|Win32
	EndGlobalSection
	GlobalSection(SolutionProperties) = preSolution
		HideSolutionNode = FALSE
	EndGlobalSection
EndGlobal
